
Microsoft Visual Studio Solution File, Format Version 12.00
# Visual Studio 15
VisualStudioVersion = 15.0.27130.2020
MinimumVisualStudioVersion = 10.0.40219.1
Project("{FAE04EC0-301F-11D3-BF4B-00C04F79EFBC}") = "FunctionApp1", "FunctionApp1\FunctionApp1.csproj", "{99224585-BC10-4F45-A90C-FD789B6E6341}"
EndProject
Project("{2150E333-8FDC-42A3-9474-1A3956D46DE8}") = "SonarQube", "SonarQube", "{637B8A40-AD67-4B7D-B517-F6CB46E94BA7}"
	ProjectSection(SolutionItems) = preProject
		SonarQube\SolutionBinding.sqconfig = SonarQube\SolutionBinding.sqconfig
		SonarQube\TEST_FUNCTIONCSharp.ruleset = SonarQube\TEST_FUNCTIONCSharp.ruleset
	EndProjectSection
EndProject
Global
	GlobalSection(SolutionConfigurationPlatforms) = preSolution
		Debug|Any CPU = Debug|Any CPU
		Release|Any CPU = Release|Any CPU
	EndGlobalSection
	GlobalSection(ProjectConfigurationPlatforms) = postSolution
		{99224585-BC10-4F45-A90C-FD789B6E6341}.Debug|Any CPU.ActiveCfg = Debug|Any CPU
		{99224585-BC10-4F45-A90C-FD789B6E6341}.Debug|Any CPU.Build.0 = Debug|Any CPU
		{99224585-BC10-4F45-A90C-FD789B6E6341}.Release|Any CPU.ActiveCfg = Release|Any CPU
		{99224585-BC10-4F45-A90C-FD789B6E6341}.Release|Any CPU.Build.0 = Release|Any CPU
	EndGlobalSection
	GlobalSection(SolutionProperties) = preSolution
		HideSolutionNode = FALSE
	EndGlobalSection
	GlobalSection(ExtensibilityGlobals) = postSolution
		SolutionGuid = {1C9256B0-2401-4345-9232-14966B6F0373}
	EndGlobalSection
EndGlobal
